
Microsoft Visual Studio Solution File, Format Version 12.00
# Visual Studio Version 17
VisualStudioVersion = 17.14.37111.16
MinimumVisualStudioVersion = 10.0.40219.1
Project("{FAE04EC0-301F-11D3-BF4B-00C04F79EFBC}") = "EmployeeManagement.Models", "EmployeeManagement.Models\EmployeeManagement.Models.csproj", "{086F0F8A-2E31-40A5-B303-39D9D7951427}"
EndProject
Project("{FAE04EC0-301F-11D3-BF4B-00C04F79EFBC}") = "EmployeeManagement.WebAssembly", "EmployeeManagement.WebAssembly\EmployeeManagement.WebAssembly.csproj", "{4FCF138E-5DF3-46D6-907E-851F17A46724}"
EndProject
Project("{FAE04EC0-301F-11D3-BF4B-00C04F79EFBC}") = "Serviteca.Frontend", "Serviteca.Frontend\Serviteca.Frontend.csproj", "{ED870748-5CD7-453F-ADFF-E7A2E0ABED11}"
EndProject
Project("{FAE04EC0-301F-11D3-BF4B-00C04F79EFBC}") = "EmployeeManagements.Api", "Serviteca.Backend\EmployeeManagements.Api.csproj", "{0DCBD5CA-74C0-4F3A-BFB6-B256BCCEB974}"
EndProject
Global
	GlobalSection(SolutionConfigurationPlatforms) = preSolution
		Debug|Any CPU = Debug|Any CPU
		Release|Any CPU = Release|Any CPU
	EndGlobalSection
	GlobalSection(ProjectConfigurationPlatforms) = postSolution
		{086F0F8A-2E31-40A5-B303-39D9D7951427}.Debug|Any CPU.ActiveCfg = Debug|Any CPU
		{086F0F8A-2E31-40A5-B303-39D9D7951427}.Debug|Any CPU.Build.0 = Debug|Any CPU
		{086F0F8A-2E31-40A5-B303-39D9D7951427}.Release|Any CPU.ActiveCfg = Release|Any CPU
		{086F0F8A-2E31-40A5-B303-39D9D7951427}.Release|Any CPU.Build.0 = Release|Any CPU
		{4FCF138E-5DF3-46D6-907E-851F17A46724}.Debug|Any CPU.ActiveCfg = Debug|Any CPU
		{4FCF138E-5DF3-46D6-907E-851F17A46724}.Debug|Any CPU.Build.0 = Debug|Any CPU
		{4FCF138E-5DF3-46D6-907E-851F17A46724}.Release|Any CPU.ActiveCfg = Release|Any CPU
		{4FCF138E-5DF3-46D6-907E-851F17A46724}.Release|Any CPU.Build.0 = Release|Any CPU
		{ED870748-5CD7-453F-ADFF-E7A2E0ABED11}.Debug|Any CPU.ActiveCfg = Debug|Any CPU
		{ED870748-5CD7-453F-ADFF-E7A2E0ABED11}.Debug|Any CPU.Build.0 = Debug|Any CPU
		{ED870748-5CD7-453F-ADFF-E7A2E0ABED11}.Release|Any CPU.ActiveCfg = Release|Any CPU
		{ED870748-5CD7-453F-ADFF-E7A2E0ABED11}.Release|Any CPU.Build.0 = Release|Any CPU
		{0DCBD5CA-74C0-4F3A-BFB6-B256BCCEB974}.Debug|Any CPU.ActiveCfg = Debug|Any CPU
		{0DCBD5CA-74C0-4F3A-BFB6-B256BCCEB974}.Debug|Any CPU.Build.0 = Debug|Any CPU
		{0DCBD5CA-74C0-4F3A-BFB6-B256BCCEB974}.Release|Any CPU.ActiveCfg = Release|Any CPU
		{0DCBD5CA-74C0-4F3A-BFB6-B256BCCEB974}.Release|Any CPU.Build.0 = Release|Any CPU
	EndGlobalSection
	GlobalSection(SolutionProperties) = preSolution
		HideSolutionNode = FALSE
	EndGlobalSection
	GlobalSection(ExtensibilityGlobals) = postSolution
		SolutionGuid = {A78B8F2E-9B32-40EE-B7B5-C50DBD11545A}
	EndGlobalSection
EndGlobal
